<?xml version="1.0" encoding="utf-8"?>
<Project ToolsVersion="4.0" xmlns="http://schemas.microsoft.com/developer/msbuild/2003">
  <ItemGroup>
    <Filter Include="ソース ファイル">
      <UniqueIdentifier>{4FC737F1-C7A5-4376-A066-2A32D752A2FF}</UniqueIdentifier>
      <Extensions>cpp;c;cc;cxx;c++;cppm;ixx;def;odl;idl;hpj;bat;asm;asmx</Extensions>
    </Filter>
    <Filter Include="ヘッダー ファイル">
      <UniqueIdentifier>{93995380-89BD-4b04-88EB-625FBE52EBFB}</UniqueIdentifier>
      <Extensions>h;hh;hpp;hxx;h++;hm;inl;inc;ipp;xsd</Extensions>
    </Filter>
    <Filter Include="リソース ファイル">
      <UniqueIdentifier>{67DA6AB6-F800-4c08-8B7A-83BB121AAD01}</UniqueIdentifier>
      <Extensions>rc;ico;cur;bmp;dlg;rc2;rct;bin;rgs;gif;jpg;jpeg;jpe;resx;tiff;tif;png;wav;mfcribbon-ms</Extensions>
    </Filter>
    <Filter Include="Src">
      <UniqueIdentifier>{30eefcdc-887d-449e-aea3-9280253f5118}</UniqueIdentifier>
    </Filter>
    <Filter Include="Src\Application">
      <UniqueIdentifier>{5894cc69-12ca-43cf-8165-d78967e628e2}</UniqueIdentifier>
    </Filter>
    <Filter Include="Src\Framework">
      <UniqueIdentifier>{77f1aeee-12e5-42b7-a228-4d17c0a02887}</UniqueIdentifier>
    </Filter>
    <Filter Include="Src\Framework\System">
      <UniqueIdentifier>{6aed7860-96ba-4d20-b7d7-f092525cc690}</UniqueIdentifier>
    </Filter>
    <Filter Include="Src\Framework\System\Window">
      <UniqueIdentifier>{616207bf-d273-4f0d-9014-6ac450072ecb}</UniqueIdentifier>
    </Filter>
    <Filter Include="Src\Framework\System\Utility">
      <UniqueIdentifier>{f0482cad-f597-44f0-ba4e-53d835bee837}</UniqueIdentifier>
    </Filter>
    <Filter Include="Src\Framework\Graphics">
      <UniqueIdentifier>{ee594cbc-c2a9-4fff-828a-ce090d089b54}</UniqueIdentifier>
    </Filter>
    <Filter Include="Src\Framework\Graphics\RTVHeap">
      <UniqueIdentifier>{8cbbc833-2cc8-4f97-ac4e-f75f8c8b6b27}</UniqueIdentifier>
    </Filter>
  </ItemGroup>
  <ItemGroup>
    <ClInclude Include="Src\Application\Application.h">
      <Filter>Src\Application</Filter>
    </ClInclude>
    <ClInclude Include="Src\Framework\System\Window\Window.h">
      <Filter>Src\Framework\System\Window</Filter>
    </ClInclude>
    <ClInclude Include="Src\Framework\System\Utility\Utility.h">
      <Filter>Src\Framework\System\Utility</Filter>
    </ClInclude>
    <ClInclude Include="Src\Framework\Graphics\GraphicsDevice.h">
      <Filter>Src\Framework\Graphics</Filter>
    </ClInclude>
    <ClInclude Include="Src\Framework\Graphics\RTVHeap\RTVHeap.h">
      <Filter>Src\Framework\Graphics\RTVHeap</Filter>
    </ClInclude>
    <ClInclude Include="Src\Framework\Pch.h">
      <Filter>Src\Framework</Filter>
    </ClInclude>
    <ClInclude Include="Src\Framework\System\System.h">
      <Filter>Src\Framework\System</Filter>
    </ClInclude>
  </ItemGroup>
  <ItemGroup>
    <ClCompile Include="Src\Application\Application.cpp">
      <Filter>Src\Application</Filter>
    </ClCompile>
    <ClCompile Include="Src\Framework\System\Window\Window.cpp">
      <Filter>Src\Framework\System\Window</Filter>
    </ClCompile>
    <ClCompile Include="Src\Framework\Pch.cpp">
      <Filter>Src\Framework</Filter>
    </ClCompile>
    <ClCompile Include="Src\Framework\System\Utility\Utility.cpp">
      <Filter>Src\Framework\System\Utility</Filter>
    </ClCompile>
    <ClCompile Include="Src\Framework\Graphics\RTVHeap\RTVHeap.cpp">
      <Filter>Src\Framework\Graphics\RTVHeap</Filter>
    </ClCompile>
    <ClCompile Include="Src\Framework\System\System.cpp">
      <Filter>Src\Framework\System</Filter>
    </ClCompile>
    <ClCompile Include="Src\Framework\Graphics\GraphicsDevice.cpp">
      <Filter>Src\Framework\Graphics</Filter>
    </ClCompile>
  </ItemGroup>
</Project>